
Microsoft Visual Studio Solution File, Format Version 12.00
# Visual Studio Version 16
VisualStudioVersion = 16.0.30711.63
MinimumVisualStudioVersion = 10.0.40219.1
Project("{FAE04EC0-301F-11D3-BF4B-00C04F79EFBC}") = "priklady_naprocviceni", "priklady_naprocviceni\priklady_naprocviceni.csproj", "{FEE9BC3D-326A-47BE-8832-38F81DA51747}"
EndProject
Global
	GlobalSection(SolutionConfigurationPlatforms) = preSolution
		Debug|Any CPU = Debug|Any CPU
		Release|Any CPU = Release|Any CPU
	EndGlobalSection
	GlobalSection(ProjectConfigurationPlatforms) = postSolution
		{FEE9BC3D-326A-47BE-8832-38F81DA51747}.Debug|Any CPU.ActiveCfg = Debug|Any CPU
		{FEE9BC3D-326A-47BE-8832-38F81DA51747}.Debug|Any CPU.Build.0 = Debug|Any CPU
		{FEE9BC3D-326A-47BE-8832-38F81DA51747}.Release|Any CPU.ActiveCfg = Release|Any CPU
		{FEE9BC3D-326A-47BE-8832-38F81DA51747}.Release|Any CPU.Build.0 = Release|Any CPU
	EndGlobalSection
	GlobalSection(SolutionProperties) = preSolution
		HideSolutionNode = FALSE
	EndGlobalSection
	GlobalSection(ExtensibilityGlobals) = postSolution
		SolutionGuid = {F226243D-56BB-4090-B92F-6CFFAC0C1EB9}
	EndGlobalSection
EndGlobal
